// !$*UTF8*$!
{
	archiveVersion = 1;
	classes = {
	};
	objectVersion = 46;
	objects = {

/* Begin PBXBuildFile section */
		28DC32BC18E2DA23006359AC /* MainTableViewController.m in Sources */ = {isa = PBXBuildFile; fileRef = 28DC32BB18E2DA23006359AC /* MainTableViewController.m */; };
		28DD538718E186BD005BF63C /* Foundation.framework in Frameworks */ = {isa = PBXBuildFile; fileRef = 28DD538618E186BD005BF63C /* Foundation.framework */; };
		28DD538918E186BD005BF63C /* CoreGraphics.framework in Frameworks */ = {isa = PBXBuildFile; fileRef = 28DD538818E186BD005BF63C /* CoreGraphics.framework */; };
		28DD538B18E186BD005BF63C /* UIKit.framework in Frameworks */ = {isa = PBXBuildFile; fileRef = 28DD538A18E186BD005BF63C /* UIKit.framework */; };
		28DD539118E186BD005BF63C /* InfoPlist.strings in Resources */ = {isa = PBXBuildFile; fileRef = 28DD538F18E186BD005BF63C /* InfoPlist.strings */; };
		28DD539318E186BD005BF63C /* main.m in Sources */ = {isa = PBXBuildFile; fileRef = 28DD539218E186BD005BF63C /* main.m */; };
		28DD539718E186BD005BF63C /* AppDelegate.m in Sources */ = {isa = PBXBuildFile; fileRef = 28DD539618E186BD005BF63C /* AppDelegate.m */; };
		28DD539F18E186BE005BF63C /* Images.xcassets in Resources */ = {isa = PBXBuildFile; fileRef = 28DD539E18E186BE005BF63C /* Images.xcassets */; };
		28DD53A618E186BE005BF63C /* XCTest.framework in Frameworks */ = {isa = PBXBuildFile; fileRef = 28DD53A518E186BE005BF63C /* XCTest.framework */; };
		28DD53A718E186BE005BF63C /* Foundation.framework in Frameworks */ = {isa = PBXBuildFile; fileRef = 28DD538618E186BD005BF63C /* Foundation.framework */; };
		28DD53A818E186BE005BF63C /* UIKit.framework in Frameworks */ = {isa = PBXBuildFile; fileRef = 28DD538A18E186BD005BF63C /* UIKit.framework */; };
		28DD53B018E186BE005BF63C /* InfoPlist.strings in Resources */ = {isa = PBXBuildFile; fileRef = 28DD53AE18E186BE005BF63C /* InfoPlist.strings */; };
		28DD53B218E186BE005BF63C /* OCFoundationTests.m in Sources */ = {isa = PBXBuildFile; fileRef = 28DD53B118E186BE005BF63C /* OCFoundationTests.m */; };
		9351619018E31A4000C446AA /* NSCalendarViewController.m in Sources */ = {isa = PBXBuildFile; fileRef = 9351618F18E31A4000C446AA /* NSCalendarViewController.m */; };
		9351619318E31EFF00C446AA /* CodeViewController.m in Sources */ = {isa = PBXBuildFile; fileRef = 9351619218E31EFF00C446AA /* CodeViewController.m */; };
		9351619618E3206500C446AA /* NSCalendarViewController.x in Resources */ = {isa = PBXBuildFile; fileRef = 9351619518E3206500C446AA /* NSCalendarViewController.x */; };
/* End PBXBuildFile section */

/* Begin PBXContainerItemProxy section */
		28DD53A918E186BE005BF63C /* PBXContainerItemProxy */ = {
			isa = PBXContainerItemProxy;
			containerPortal = 28DD537B18E186BD005BF63C /* Project object */;
			proxyType = 1;
			remoteGlobalIDString = 28DD538218E186BD005BF63C;
			remoteInfo = OCFoundation;
		};
/* End PBXContainerItemProxy section */

/* Begin PBXFileReference section */
		28DC32BA18E2DA23006359AC /* MainTableViewController.h */ = {isa = PBXFileReference; fileEncoding = 4; lastKnownFileType = sourcecode.c.h; path = MainTableViewController.h; sourceTree = "<group>"; };
		28DC32BB18E2DA23006359AC /* MainTableViewController.m */ = {isa = PBXFileReference; fileEncoding = 4; lastKnownFileType = sourcecode.c.objc; path = MainTableViewController.m; sourceTree = "<group>"; };
		28DD538318E186BD005BF63C /* OCFoundation.app */ = {isa = PBXFileReference; explicitFileType = wrapper.application; includeInIndex = 0; path = OCFoundation.app; sourceTree = BUILT_PRODUCTS_DIR; };
		28DD538618E186BD005BF63C /* Foundation.framework */ = {isa = PBXFileReference; lastKnownFileType = wrapper.framework; name = Foundation.framework; path = System/Library/Frameworks/Foundation.framework; sourceTree = SDKROOT; };
		28DD538818E186BD005BF63C /* CoreGraphics.framework */ = {isa = PBXFileReference; lastKnownFileType = wrapper.framework; name = CoreGraphics.framework; path = System/Library/Frameworks/CoreGraphics.framework; sourceTree = SDKROOT; };
		28DD538A18E186BD005BF63C /* UIKit.framework */ = {isa = PBXFileReference; lastKnownFileType = wrapper.framework; name = UIKit.framework; path = System/Library/Frameworks/UIKit.framework; sourceTree = SDKROOT; };
		28DD538E18E186BD005BF63C /* OCFoundation-Info.plist */ = {isa = PBXFileReference; lastKnownFileType = text.plist.xml; path = "OCFoundation-Info.plist"; sourceTree = "<group>"; };
		28DD539018E186BD005BF63C /* en */ = {isa = PBXFileReference; lastKnownFileType = text.plist.strings; name = en; path = en.lproj/InfoPlist.strings; sourceTree = "<group>"; };
		28DD539218E186BD005BF63C /* main.m */ = {isa = PBXFileReference; lastKnownFileType = sourcecode.c.objc; path = main.m; sourceTree = "<group>"; };
		28DD539418E186BD005BF63C /* OCFoundation-Prefix.pch */ = {isa = PBXFileReference; lastKnownFileType = sourcecode.c.h; path = "OCFoundation-Prefix.pch"; sourceTree = "<group>"; };
		28DD539518E186BD005BF63C /* AppDelegate.h */ = {isa = PBXFileReference; lastKnownFileType = sourcecode.c.h; path = AppDelegate.h; sourceTree = "<group>"; };
		28DD539618E186BD005BF63C /* AppDelegate.m */ = {isa = PBXFileReference; lastKnownFileType = sourcecode.c.objc; path = AppDelegate.m; sourceTree = "<group>"; };
		28DD539E18E186BE005BF63C /* Images.xcassets */ = {isa = PBXFileReference; lastKnownFileType = folder.assetcatalog; path = Images.xcassets; sourceTree = "<group>"; };
		28DD53A418E186BE005BF63C /* OCFoundationTests.xctest */ = {isa = PBXFileReference; explicitFileType = wrapper.cfbundle; includeInIndex = 0; path = OCFoundationTests.xctest; sourceTree = BUILT_PRODUCTS_DIR; };
		28DD53A518E186BE005BF63C /* XCTest.framework */ = {isa = PBXFileReference; lastKnownFileType = wrapper.framework; name = XCTest.framework; path = Library/Frameworks/XCTest.framework; sourceTree = DEVELOPER_DIR; };
		28DD53AD18E186BE005BF63C /* OCFoundationTests-Info.plist */ = {isa = PBXFileReference; lastKnownFileType = text.plist.xml; path = "OCFoundationTests-Info.plist"; sourceTree = "<group>"; };
		28DD53AF18E186BE005BF63C /* en */ = {isa = PBXFileReference; lastKnownFileType = text.plist.strings; name = en; path = en.lproj/InfoPlist.strings; sourceTree = "<group>"; };
		28DD53B118E186BE005BF63C /* OCFoundationTests.m */ = {isa = PBXFileReference; lastKnownFileType = sourcecode.c.objc; path = OCFoundationTests.m; sourceTree = "<group>"; };
		9351618E18E31A4000C446AA /* NSCalendarViewController.h */ = {isa = PBXFileReference; fileEncoding = 4; lastKnownFileType = sourcecode.c.h; path = NSCalendarViewController.h; sourceTree = "<group>"; };
		9351618F18E31A4000C446AA /* NSCalendarViewController.m */ = {isa = PBXFileReference; fileEncoding = 4; lastKnownFileType = sourcecode.c.objc; path = NSCalendarViewController.m; sourceTree = "<group>"; };
		9351619118E31EFF00C446AA /* CodeViewController.h */ = {isa = PBXFileReference; fileEncoding = 4; lastKnownFileType = sourcecode.c.h; path = CodeViewController.h; sourceTree = "<group>"; };
		9351619218E31EFF00C446AA /* CodeViewController.m */ = {isa = PBXFileReference; fileEncoding = 4; lastKnownFileType = sourcecode.c.objc; path = CodeViewController.m; sourceTree = "<group>"; };
		9351619518E3206500C446AA /* NSCalendarViewController.x */ = {isa = PBXFileReference; fileEncoding = 4; lastKnownFileType = text; path = NSCalendarViewController.x; sourceTree = "<group>"; };
/* End PBXFileReference section */

/* Begin PBXFrameworksBuildPhase section */
		28DD538018E186BD005BF63C /* Frameworks */ = {
			isa = PBXFrameworksBuildPhase;
			buildActionMask = 2147483647;
			files = (
				28DD538918E186BD005BF63C /* CoreGraphics.framework in Frameworks */,
				28DD538B18E186BD005BF63C /* UIKit.framework in Frameworks */,
				28DD538718E186BD005BF63C /* Foundation.framework in Frameworks */,
			);
			runOnlyForDeploymentPostprocessing = 0;
		};
		28DD53A118E186BE005BF63C /* Frameworks */ = {
			isa = PBXFrameworksBuildPhase;
			buildActionMask = 2147483647;
			files = (
				28DD53A618E186BE005BF63C /* XCTest.framework in Frameworks */,
				28DD53A818E186BE005BF63C /* UIKit.framework in Frameworks */,
				28DD53A718E186BE005BF63C /* Foundation.framework in Frameworks */,
			);
			runOnlyForDeploymentPostprocessing = 0;
		};
/* End PBXFrameworksBuildPhase section */

/* Begin PBXGroup section */
		28DD537A18E186BD005BF63C = {
			isa = PBXGroup;
			children = (
				28DD538C18E186BD005BF63C /* OCFoundation */,
				28DD53AB18E186BE005BF63C /* OCFoundationTests */,
				28DD538518E186BD005BF63C /* Frameworks */,
				28DD538418E186BD005BF63C /* Products */,
			);
			sourceTree = "<group>";
		};
		28DD538418E186BD005BF63C /* Products */ = {
			isa = PBXGroup;
			children = (
				28DD538318E186BD005BF63C /* OCFoundation.app */,
				28DD53A418E186BE005BF63C /* OCFoundationTests.xctest */,
			);
			name = Products;
			sourceTree = "<group>";
		};
		28DD538518E186BD005BF63C /* Frameworks */ = {
			isa = PBXGroup;
			children = (
				28DD538618E186BD005BF63C /* Foundation.framework */,
				28DD538818E186BD005BF63C /* CoreGraphics.framework */,
				28DD538A18E186BD005BF63C /* UIKit.framework */,
				28DD53A518E186BE005BF63C /* XCTest.framework */,
			);
			name = Frameworks;
			sourceTree = "<group>";
		};
		28DD538C18E186BD005BF63C /* OCFoundation */ = {
			isa = PBXGroup;
			children = (
				9351619418E3204300C446AA /* Code */,
				28DD539518E186BD005BF63C /* AppDelegate.h */,
				28DD539618E186BD005BF63C /* AppDelegate.m */,
				28DD539E18E186BE005BF63C /* Images.xcassets */,
				28DD538D18E186BD005BF63C /* Supporting Files */,
				28DC32BA18E2DA23006359AC /* MainTableViewController.h */,
				28DC32BB18E2DA23006359AC /* MainTableViewController.m */,
				9351618E18E31A4000C446AA /* NSCalendarViewController.h */,
				9351618F18E31A4000C446AA /* NSCalendarViewController.m */,
				9351619118E31EFF00C446AA /* CodeViewController.h */,
				9351619218E31EFF00C446AA /* CodeViewController.m */,
			);
			path = OCFoundation;
			sourceTree = "<group>";
		};
		28DD538D18E186BD005BF63C /* Supporting Files */ = {
			isa = PBXGroup;
			children = (
				28DD538E18E186BD005BF63C /* OCFoundation-Info.plist */,
				28DD538F18E186BD005BF63C /* InfoPlist.strings */,
				28DD539218E186BD005BF63C /* main.m */,
				28DD539418E186BD005BF63C /* OCFoundation-Prefix.pch */,
			);
			name = "Supporting Files";
			sourceTree = "<group>";
		};
		28DD53AB18E186BE005BF63C /* OCFoundationTests */ = {
			isa = PBXGroup;
			children = (
				28DD53B118E186BE005BF63C /* OCFoundationTests.m */,
				28DD53AC18E186BE005BF63C /* Supporting Files */,
			);
			path = OCFoundationTests;
			sourceTree = "<group>";
		};
		28DD53AC18E186BE005BF63C /* Supporting Files */ = {
			isa = PBXGroup;
			children = (
				28DD53AD18E186BE005BF63C /* OCFoundationTests-Info.plist */,
				28DD53AE18E186BE005BF63C /* InfoPlist.strings */,
			);
			name = "Supporting Files";
			sourceTree = "<group>";
		};
		9351619418E3204300C446AA /* Code */ = {
			isa = PBXGroup;
			children = (
				9351619518E3206500C446AA /* NSCalendarViewController.x */,
			);
			name = Code;
			sourceTree = "<group>";
		};
/* End PBXGroup section */

/* Begin PBXNativeTarget section */
		28DD538218E186BD005BF63C /* OCFoundation */ = {
			isa = PBXNativeTarget;
			buildConfigurationList = 28DD53B518E186BE005BF63C /* Build configuration list for PBXNativeTarget "OCFoundation" */;
			buildPhases = (
				28DD537F18E186BD005BF63C /* Sources */,
				28DD538018E186BD005BF63C /* Frameworks */,
				28DD538118E186BD005BF63C /* Resources */,
			);
			buildRules = (
			);
			dependencies = (
			);
			name = OCFoundation;
			productName = OCFoundation;
			productReference = 28DD538318E186BD005BF63C /* OCFoundation.app */;
			productType = "com.apple.product-type.application";
		};
		28DD53A318E186BE005BF63C /* OCFoundationTests */ = {
			isa = PBXNativeTarget;
			buildConfigurationList = 28DD53B818E186BE005BF63C /* Build configuration list for PBXNativeTarget "OCFoundationTests" */;
			buildPhases = (
				28DD53A018E186BE005BF63C /* Sources */,
				28DD53A118E186BE005BF63C /* Frameworks */,
				28DD53A218E186BE005BF63C /* Resources */,
			);
			buildRules = (
			);
			dependencies = (
				28DD53AA18E186BE005BF63C /* PBXTargetDependency */,
			);
			name = OCFoundationTests;
			productName = OCFoundationTests;
			productReference = 28DD53A418E186BE005BF63C /* OCFoundationTests.xctest */;
			productType = "com.apple.product-type.bundle.unit-test";
		};
/* End PBXNativeTarget section */

/* Begin PBXProject section */
		28DD537B18E186BD005BF63C /* Project object */ = {
			isa = PBXProject;
			attributes = {
				LastUpgradeCheck = 0510;
				ORGANIZATIONNAME = wangtao;
				TargetAttributes = {
					28DD53A318E186BE005BF63C = {
						TestTargetID = 28DD538218E186BD005BF63C;
					};
				};
			};
			buildConfigurationList = 28DD537E18E186BD005BF63C /* Build configuration list for PBXProject "OCFoundation" */;
			compatibilityVersion = "Xcode 3.2";
			developmentRegion = English;
			hasScannedForEncodings = 0;
			knownRegions = (
				en,
				Base,
			);
			mainGroup = 28DD537A18E186BD005BF63C;
			productRefGroup = 28DD538418E186BD005BF63C /* Products */;
			projectDirPath = "";
			projectRoot = "";
			targets = (
				28DD538218E186BD005BF63C /* OCFoundation */,
				28DD53A318E186BE005BF63C /* OCFoundationTests */,
			);
		};
/* End PBXProject section */

/* Begin PBXResourcesBuildPhase section */
		28DD538118E186BD005BF63C /* Resources */ = {
			isa = PBXResourcesBuildPhase;
			buildActionMask = 2147483647;
			files = (
				28DD539F18E186BE005BF63C /* Images.xcassets in Resources */,
				9351619618E3206500C446AA /* NSCalendarViewController.x in Resources */,
				28DD539118E186BD005BF63C /* InfoPlist.strings in Resources */,
			);
			runOnlyForDeploymentPostprocessing = 0;
		};
		28DD53A218E186BE005BF63C /* Resources */ = {
			isa = PBXResourcesBuildPhase;
			buildActionMask = 2147483647;
			files = (
				28DD53B018E186BE005BF63C /* InfoPlist.strings in Resources */,
			);
			runOnlyForDeploymentPostprocessing = 0;
		};
/* End PBXResourcesBuildPhase section */

/* Begin PBXSourcesBuildPhase section */
		28DD537F18E186BD005BF63C /* Sources */ = {
			isa = PBXSourcesBuildPhase;
			buildActionMask = 2147483647;
			files = (
				9351619318E31EFF00C446AA /* CodeViewController.m in Sources */,
				28DD539718E186BD005BF63C /* AppDelegate.m in Sources */,
				28DD539318E186BD005BF63C /* main.m in Sources */,
				28DC32BC18E2DA23006359AC /* MainTableViewController.m in Sources */,
				9351619018E31A4000C446AA /* NSCalendarViewController.m in Sources */,
			);
			runOnlyForDeploymentPostprocessing = 0;
		};
		28DD53A018E186BE005BF63C /* Sources */ = {
			isa = PBXSourcesBuildPhase;
			buildActionMask = 2147483647;
			files = (
				28DD53B218E186BE005BF63C /* OCFoundationTests.m in Sources */,
			);
			runOnlyForDeploymentPostprocessing = 0;
		};
/* End PBXSourcesBuildPhase section */

/* Begin PBXTargetDependency section */
		28DD53AA18E186BE005BF63C /* PBXTargetDependency */ = {
			isa = PBXTargetDependency;
			target = 28DD538218E186BD005BF63C /* OCFoundation */;
			targetProxy = 28DD53A918E186BE005BF63C /* PBXContainerItemProxy */;
		};
/* End PBXTargetDependency section */

/* Begin PBXVariantGroup section */
		28DD538F18E186BD005BF63C /* InfoPlist.strings */ = {
			isa = PBXVariantGroup;
			children = (
				28DD539018E186BD005BF63C /* en */,
			);
			name = InfoPlist.strings;
			sourceTree = "<group>";
		};
		28DD53AE18E186BE005BF63C /* InfoPlist.strings */ = {
			isa = PBXVariantGroup;
			children = (
				28DD53AF18E186BE005BF63C /* en */,
			);
			name = InfoPlist.strings;
			sourceTree = "<group>";
		};
/* End PBXVariantGroup section */

/* Begin XCBuildConfiguration section */
		28DD53B318E186BE005BF63C /* Debug */ = {
			isa = XCBuildConfiguration;
			buildSettings = {
				ALWAYS_SEARCH_USER_PATHS = NO;
				CLANG_CXX_LANGUAGE_STANDARD = "gnu++0x";
				CLANG_CXX_LIBRARY = "libc++";
				CLANG_ENABLE_MODULES = YES;
				CLANG_ENABLE_OBJC_ARC = YES;
				CLANG_WARN_BOOL_CONVERSION = YES;
				CLANG_WARN_CONSTANT_CONVERSION = YES;
				CLANG_WARN_DIRECT_OBJC_ISA_USAGE = YES_ERROR;
				CLANG_WARN_EMPTY_BODY = YES;
				CLANG_WARN_ENUM_CONVERSION = YES;
				CLANG_WARN_INT_CONVERSION = YES;
				CLANG_WARN_OBJC_ROOT_CLASS = YES_ERROR;
				CLANG_WARN__DUPLICATE_METHOD_MATCH = YES;
				"CODE_SIGN_IDENTITY[sdk=iphoneos*]" = "iPhone Developer";
				COPY_PHASE_STRIP = NO;
				GCC_C_LANGUAGE_STANDARD = gnu99;
				GCC_DYNAMIC_NO_PIC = NO;
				GCC_OPTIMIZATION_LEVEL = 0;
				GCC_PREPROCESSOR_DEFINITIONS = (
					"DEBUG=1",
					"$(inherited)",
				);
				GCC_SYMBOLS_PRIVATE_EXTERN = NO;
				GCC_WARN_64_TO_32_BIT_CONVERSION = YES;
				GCC_WARN_ABOUT_RETURN_TYPE = YES_ERROR;
				GCC_WARN_UNDECLARED_SELECTOR = YES;
				GCC_WARN_UNINITIALIZED_AUTOS = YES_AGGRESSIVE;
				GCC_WARN_UNUSED_FUNCTION = YES;
				GCC_WARN_UNUSED_VARIABLE = YES;
				IPHONEOS_DEPLOYMENT_TARGET = 7.1;
				ONLY_ACTIVE_ARCH = YES;
				SDKROOT = iphoneos;
			};
			name = Debug;
		};
		28DD53B418E186BE005BF63C /* Release */ = {
			isa = XCBuildConfiguration;
			buildSettings = {
				ALWAYS_SEARCH_USER_PATHS = NO;
				CLANG_CXX_LANGUAGE_STANDARD = "gnu++0x";
				CLANG_CXX_LIBRARY = "libc++";
				CLANG_ENABLE_MODULES = YES;
				CLANG_ENABLE_OBJC_ARC = YES;
				CLANG_WARN_BOOL_CONVERSION = YES;
				CLANG_WARN_CONSTANT_CONVERSION = YES;
				CLANG_WARN_DIRECT_OBJC_ISA_USAGE = YES_ERROR;
				CLANG_WARN_EMPTY_BODY = YES;
				CLANG_WARN_ENUM_CONVERSION = YES;
				CLANG_WARN_INT_CONVERSION = YES;
				CLANG_WARN_OBJC_ROOT_CLASS = YES_ERROR;
				CLANG_WARN__DUPLICATE_METHOD_MATCH = YES;
				"CODE_SIGN_IDENTITY[sdk=iphoneos*]" = "iPhone Developer";
				COPY_PHASE_STRIP = YES;
				ENABLE_NS_ASSERTIONS = NO;
				GCC_C_LANGUAGE_STANDARD = gnu99;
				GCC_WARN_64_TO_32_BIT_CONVERSION = YES;
				GCC_WARN_ABOUT_RETURN_TYPE = YES_ERROR;
				GCC_WARN_UNDECLARED_SELECTOR = YES;
				GCC_WARN_UNINITIALIZED_AUTOS = YES_AGGRESSIVE;
				GCC_WARN_UNUSED_FUNCTION = YES;
				GCC_WARN_UNUSED_VARIABLE = YES;
				IPHONEOS_DEPLOYMENT_TARGET = 7.1;
				SDKROOT = iphoneos;
				VALIDATE_PRODUCT = YES;
			};
			name = Release;
		};
		28DD53B618E186BE005BF63C /* Debug */ = {
			isa = XCBuildConfiguration;
			buildSettings = {
				ASSETCATALOG_COMPILER_APPICON_NAME = AppIcon;
				ASSETCATALOG_COMPILER_LAUNCHIMAGE_NAME = LaunchImage;
				GCC_PRECOMPILE_PREFIX_HEADER = YES;
				GCC_PREFIX_HEADER = "OCFoundation/OCFoundation-Prefix.pch";
				INFOPLIST_FILE = "OCFoundation/OCFoundation-Info.plist";
				PRODUCT_NAME = "$(TARGET_NAME)";
				WRAPPER_EXTENSION = app;
			};
			name = Debug;
		};
		28DD53B718E186BE005BF63C /* Release */ = {
			isa = XCBuildConfiguration;
			buildSettings = {
				ASSETCATALOG_COMPILER_APPICON_NAME = AppIcon;
				ASSETCATALOG_COMPILER_LAUNCHIMAGE_NAME = LaunchImage;
				GCC_PRECOMPILE_PREFIX_HEADER = YES;
				GCC_PREFIX_HEADER = "OCFoundation/OCFoundation-Prefix.pch";
				INFOPLIST_FILE = "OCFoundation/OCFoundation-Info.plist";
				PRODUCT_NAME = "$(TARGET_NAME)";
				WRAPPER_EXTENSION = app;
			};
			name = Release;
		};
		28DD53B918E186BE005BF63C /* Debug */ = {
			isa = XCBuildConfiguration;
			buildSettings = {
				BUNDLE_LOADER = "$(BUILT_PRODUCTS_DIR)/OCFoundation.app/OCFoundation";
				FRAMEWORK_SEARCH_PATHS = (
					"$(SDKROOT)/Developer/Library/Frameworks",
					"$(inherited)",
					"$(DEVELOPER_FRAMEWORKS_DIR)",
				);
				GCC_PRECOMPILE_PREFIX_HEADER = YES;
				GCC_PREFIX_HEADER = "OCFoundation/OCFoundation-Prefix.pch";
				GCC_PREPROCESSOR_DEFINITIONS = (
					"DEBUG=1",
					"$(inherited)",
				);
				INFOPLIST_FILE = "OCFoundationTests/OCFoundationTests-Info.plist";
				PRODUCT_NAME = "$(TARGET_NAME)";
				TEST_HOST = "$(BUNDLE_LOADER)";
				WRAPPER_EXTENSION = xctest;
			};
			name = Debug;
		};
		28DD53BA18E186BE005BF63C /* Release */ = {
			isa = XCBuildConfiguration;
			buildSettings = {
				BUNDLE_LOADER = "$(BUILT_PRODUCTS_DIR)/OCFoundation.app/OCFoundation";
				FRAMEWORK_SEARCH_PATHS = (
					"$(SDKROOT)/Developer/Library/Frameworks",
					"$(inherited)",
					"$(DEVELOPER_FRAMEWORKS_DIR)",
				);
				GCC_PRECOMPILE_PREFIX_HEADER = YES;
				GCC_PREFIX_HEADER = "OCFoundation/OCFoundation-Prefix.pch";
				INFOPLIST_FILE = "OCFoundationTests/OCFoundationTests-Info.plist";
				PRODUCT_NAME = "$(TARGET_NAME)";
				TEST_HOST = "$(BUNDLE_LOADER)";
				WRAPPER_EXTENSION = xctest;
			};
			name = Release;
		};
/* End XCBuildConfiguration section */

/* Begin XCConfigurationList section */
		28DD537E18E186BD005BF63C /* Build configuration list for PBXProject "OCFoundation" */ = {
			isa = XCConfigurationList;
			buildConfigurations = (
				28DD53B318E186BE005BF63C /* Debug */,
				28DD53B418E186BE005BF63C /* Release */,
			);
			defaultConfigurationIsVisible = 0;
			defaultConfigurationName = Release;
		};
		28DD53B518E186BE005BF63C /* Build configuration list for PBXNativeTarget "OCFoundation" */ = {
			isa = XCConfigurationList;
			buildConfigurations = (
				28DD53B618E186BE005BF63C /* Debug */,
				28DD53B718E186BE005BF63C /* Release */,
			);
			defaultConfigurationIsVisible = 0;
			defaultConfigurationName = Release;
		};
		28DD53B818E186BE005BF63C /* Build configuration list for PBXNativeTarget "OCFoundationTests" */ = {
			isa = XCConfigurationList;
			buildConfigurations = (
				28DD53B918E186BE005BF63C /* Debug */,
				28DD53BA18E186BE005BF63C /* Release */,
			);
			defaultConfigurationIsVisible = 0;
			defaultConfigurationName = Release;
		};
/* End XCConfigurationList section */
	};
	rootObject = 28DD537B18E186BD005BF63C /* Project object */;
}
